// !$*UTF8*$!
{
	archiveVersion = 1;
	classes = {
	};
	objectVersion = 46;
	objects = {

/* Begin PBXBuildFile section */
		1C014D9C1C9865A3007E4F8D /* ZPFirstGETViewController.m in Sources */ = {isa = PBXBuildFile; fileRef = 1C014D9B1C9865A3007E4F8D /* ZPFirstGETViewController.m */; };
		1C014DA01C9869BA007E4F8D /* ZPFirstPOSTViewController.m in Sources */ = {isa = PBXBuildFile; fileRef = 1C014D9F1C9869BA007E4F8D /* ZPFirstPOSTViewController.m */; };
		1C014DA51C986C7A007E4F8D /* GYAPI.m in Sources */ = {isa = PBXBuildFile; fileRef = 1C014DA41C986C7A007E4F8D /* GYAPI.m */; };
		1C2EA3221C9521A200AFD60F /* main.m in Sources */ = {isa = PBXBuildFile; fileRef = 1C2EA3211C9521A200AFD60F /* main.m */; };
		1C2EA3251C9521A200AFD60F /* AppDelegate.m in Sources */ = {isa = PBXBuildFile; fileRef = 1C2EA3241C9521A200AFD60F /* AppDelegate.m */; };
		1C2EA3281C9521A200AFD60F /* ViewController.m in Sources */ = {isa = PBXBuildFile; fileRef = 1C2EA3271C9521A200AFD60F /* ViewController.m */; };
		1C2EA32B1C9521A200AFD60F /* Main.storyboard in Resources */ = {isa = PBXBuildFile; fileRef = 1C2EA3291C9521A200AFD60F /* Main.storyboard */; };
		1C2EA32D1C9521A200AFD60F /* Assets.xcassets in Resources */ = {isa = PBXBuildFile; fileRef = 1C2EA32C1C9521A200AFD60F /* Assets.xcassets */; };
		1C2EA3301C9521A200AFD60F /* LaunchScreen.storyboard in Resources */ = {isa = PBXBuildFile; fileRef = 1C2EA32E1C9521A200AFD60F /* LaunchScreen.storyboard */; };
		1C2EA33B1C9521A200AFD60F /* ZPProjectTests.m in Sources */ = {isa = PBXBuildFile; fileRef = 1C2EA33A1C9521A200AFD60F /* ZPProjectTests.m */; };
		1C2EA3461C9521A200AFD60F /* ZPProjectUITests.m in Sources */ = {isa = PBXBuildFile; fileRef = 1C2EA3451C9521A200AFD60F /* ZPProjectUITests.m */; };
		1C2EA35C1C9522CE00AFD60F /* ZPTabbarViewController.m in Sources */ = {isa = PBXBuildFile; fileRef = 1C2EA35B1C9522CE00AFD60F /* ZPTabbarViewController.m */; };
		1C2EA35F1C95236B00AFD60F /* ZPTabbarView.m in Sources */ = {isa = PBXBuildFile; fileRef = 1C2EA35E1C95236B00AFD60F /* ZPTabbarView.m */; };
		1C2EA3691C954EB000AFD60F /* ZPFourViewController.m in Sources */ = {isa = PBXBuildFile; fileRef = 1C2EA3681C954EB000AFD60F /* ZPFourViewController.m */; };
		1C2EA36F1C954F0E00AFD60F /* ZPThreeViewController.m in Sources */ = {isa = PBXBuildFile; fileRef = 1C2EA36E1C954F0E00AFD60F /* ZPThreeViewController.m */; };
		1C2EA3751C954F7300AFD60F /* ZPSecondViewController.m in Sources */ = {isa = PBXBuildFile; fileRef = 1C2EA3741C954F7300AFD60F /* ZPSecondViewController.m */; };
		1C2EA37C1C954FEE00AFD60F /* ZPFirstViewController.m in Sources */ = {isa = PBXBuildFile; fileRef = 1C2EA37B1C954FEE00AFD60F /* ZPFirstViewController.m */; };
		1C2EA3831C957A2500AFD60F /* ZPNetworking.m in Sources */ = {isa = PBXBuildFile; fileRef = 1C2EA3821C957A2500AFD60F /* ZPNetworking.m */; };
		1C5226FE1C9CEFB90069D736 /* ZPJSONModelViewController.m in Sources */ = {isa = PBXBuildFile; fileRef = 1C5226FD1C9CEFB90069D736 /* ZPJSONModelViewController.m */; };
		1C5227011C9CF06D0069D736 /* ZPFirstJSONModel.m in Sources */ = {isa = PBXBuildFile; fileRef = 1C5227001C9CF06D0069D736 /* ZPFirstJSONModel.m */; };
		1C5227041C9CFB700069D736 /* ZPImagesJSONModel.m in Sources */ = {isa = PBXBuildFile; fileRef = 1C5227031C9CFB700069D736 /* ZPImagesJSONModel.m */; };
		1CCE3FF41CF2117600430EED /* Department+CoreDataProperties.m in Sources */ = {isa = PBXBuildFile; fileRef = 1CCE3FEA1CF2117600430EED /* Department+CoreDataProperties.m */; };
		1CCE3FF51CF2117600430EED /* Department.m in Sources */ = {isa = PBXBuildFile; fileRef = 1CCE3FEC1CF2117600430EED /* Department.m */; };
		1CCE3FF61CF2117600430EED /* Employees.xcdatamodel in Sources */ = {isa = PBXBuildFile; fileRef = 1CCE3FED1CF2117600430EED /* Employees.xcdatamodel */; };
		1CCE3FF71CF2117600430EED /* Person+CoreDataProperties.m in Sources */ = {isa = PBXBuildFile; fileRef = 1CCE3FEF1CF2117600430EED /* Person+CoreDataProperties.m */; };
		1CCE3FF81CF2117600430EED /* Person.m in Sources */ = {isa = PBXBuildFile; fileRef = 1CCE3FF11CF2117600430EED /* Person.m */; };
		1CCE3FF91CF2117600430EED /* ZPCoreDataRelationViewController.m in Sources */ = {isa = PBXBuildFile; fileRef = 1CCE3FF31CF2117600430EED /* ZPCoreDataRelationViewController.m */; };
		1CCE3FFF1CF211F700430EED /* ZPNewFeatuersViewController.m in Sources */ = {isa = PBXBuildFile; fileRef = 1CCE3FFC1CF211F700430EED /* ZPNewFeatuersViewController.m */; };
		1CCE40001CF211F700430EED /* ZPUploadImageFromSystemViewController.m in Sources */ = {isa = PBXBuildFile; fileRef = 1CCE3FFE1CF211F700430EED /* ZPUploadImageFromSystemViewController.m */; };
		52A1AAEB9C358296E9ACC201 /* libPods.a in Frameworks */ = {isa = PBXBuildFile; fileRef = 2B3DFCFD029311ED6ADAFAE9 /* libPods.a */; };
/* End PBXBuildFile section */

/* Begin PBXContainerItemProxy section */
		1C2EA3371C9521A200AFD60F /* PBXContainerItemProxy */ = {
			isa = PBXContainerItemProxy;
			containerPortal = 1C2EA3151C9521A200AFD60F /* Project object */;
			proxyType = 1;
			remoteGlobalIDString = 1C2EA31C1C9521A200AFD60F;
			remoteInfo = ZPProject;
		};
		1C2EA3421C9521A200AFD60F /* PBXContainerItemProxy */ = {
			isa = PBXContainerItemProxy;
			containerPortal = 1C2EA3151C9521A200AFD60F /* Project object */;
			proxyType = 1;
			remoteGlobalIDString = 1C2EA31C1C9521A200AFD60F;
			remoteInfo = ZPProject;
		};
/* End PBXContainerItemProxy section */

/* Begin PBXFileReference section */
		1C014D9A1C9865A3007E4F8D /* ZPFirstGETViewController.h */ = {isa = PBXFileReference; fileEncoding = 4; lastKnownFileType = sourcecode.c.h; path = ZPFirstGETViewController.h; sourceTree = "<group>"; };
		1C014D9B1C9865A3007E4F8D /* ZPFirstGETViewController.m */ = {isa = PBXFileReference; fileEncoding = 4; lastKnownFileType = sourcecode.c.objc; path = ZPFirstGETViewController.m; sourceTree = "<group>"; };
		1C014D9E1C9869BA007E4F8D /* ZPFirstPOSTViewController.h */ = {isa = PBXFileReference; fileEncoding = 4; lastKnownFileType = sourcecode.c.h; path = ZPFirstPOSTViewController.h; sourceTree = "<group>"; };
		1C014D9F1C9869BA007E4F8D /* ZPFirstPOSTViewController.m */ = {isa = PBXFileReference; fileEncoding = 4; lastKnownFileType = sourcecode.c.objc; path = ZPFirstPOSTViewController.m; sourceTree = "<group>"; };
		1C014DA31C986C7A007E4F8D /* GYAPI.h */ = {isa = PBXFileReference; fileEncoding = 4; lastKnownFileType = sourcecode.c.h; path = GYAPI.h; sourceTree = "<group>"; };
		1C014DA41C986C7A007E4F8D /* GYAPI.m */ = {isa = PBXFileReference; fileEncoding = 4; lastKnownFileType = sourcecode.c.objc; path = GYAPI.m; sourceTree = "<group>"; };
		1C2EA31D1C9521A200AFD60F /* ZPProject.app */ = {isa = PBXFileReference; explicitFileType = wrapper.application; includeInIndex = 0; path = ZPProject.app; sourceTree = BUILT_PRODUCTS_DIR; };
		1C2EA3211C9521A200AFD60F /* main.m */ = {isa = PBXFileReference; lastKnownFileType = sourcecode.c.objc; path = main.m; sourceTree = "<group>"; };
		1C2EA3231C9521A200AFD60F /* AppDelegate.h */ = {isa = PBXFileReference; lastKnownFileType = sourcecode.c.h; path = AppDelegate.h; sourceTree = "<group>"; };
		1C2EA3241C9521A200AFD60F /* AppDelegate.m */ = {isa = PBXFileReference; lastKnownFileType = sourcecode.c.objc; path = AppDelegate.m; sourceTree = "<group>"; };
		1C2EA3261C9521A200AFD60F /* ViewController.h */ = {isa = PBXFileReference; lastKnownFileType = sourcecode.c.h; path = ViewController.h; sourceTree = "<group>"; };
		1C2EA3271C9521A200AFD60F /* ViewController.m */ = {isa = PBXFileReference; lastKnownFileType = sourcecode.c.objc; path = ViewController.m; sourceTree = "<group>"; };
		1C2EA32A1C9521A200AFD60F /* Base */ = {isa = PBXFileReference; lastKnownFileType = file.storyboard; name = Base; path = Base.lproj/Main.storyboard; sourceTree = "<group>"; };
		1C2EA32C1C9521A200AFD60F /* Assets.xcassets */ = {isa = PBXFileReference; lastKnownFileType = folder.assetcatalog; path = Assets.xcassets; sourceTree = "<group>"; };
		1C2EA32F1C9521A200AFD60F /* Base */ = {isa = PBXFileReference; lastKnownFileType = file.storyboard; name = Base; path = Base.lproj/LaunchScreen.storyboard; sourceTree = "<group>"; };
		1C2EA3311C9521A200AFD60F /* Info.plist */ = {isa = PBXFileReference; lastKnownFileType = text.plist.xml; path = Info.plist; sourceTree = "<group>"; };
		1C2EA3361C9521A200AFD60F /* ZPProjectTests.xctest */ = {isa = PBXFileReference; explicitFileType = wrapper.cfbundle; includeInIndex = 0; path = ZPProjectTests.xctest; sourceTree = BUILT_PRODUCTS_DIR; };
		1C2EA33A1C9521A200AFD60F /* ZPProjectTests.m */ = {isa = PBXFileReference; lastKnownFileType = sourcecode.c.objc; path = ZPProjectTests.m; sourceTree = "<group>"; };
		1C2EA33C1C9521A200AFD60F /* Info.plist */ = {isa = PBXFileReference; lastKnownFileType = text.plist.xml; path = Info.plist; sourceTree = "<group>"; };
		1C2EA3411C9521A200AFD60F /* ZPProjectUITests.xctest */ = {isa = PBXFileReference; explicitFileType = wrapper.cfbundle; includeInIndex = 0; path = ZPProjectUITests.xctest; sourceTree = BUILT_PRODUCTS_DIR; };
		1C2EA3451C9521A200AFD60F /* ZPProjectUITests.m */ = {isa = PBXFileReference; lastKnownFileType = sourcecode.c.objc; path = ZPProjectUITests.m; sourceTree = "<group>"; };
		1C2EA3471C9521A200AFD60F /* Info.plist */ = {isa = PBXFileReference; lastKnownFileType = text.plist.xml; path = Info.plist; sourceTree = "<group>"; };
		1C2EA35A1C9522CE00AFD60F /* ZPTabbarViewController.h */ = {isa = PBXFileReference; fileEncoding = 4; lastKnownFileType = sourcecode.c.h; path = ZPTabbarViewController.h; sourceTree = "<group>"; };
		1C2EA35B1C9522CE00AFD60F /* ZPTabbarViewController.m */ = {isa = PBXFileReference; fileEncoding = 4; lastKnownFileType = sourcecode.c.objc; path = ZPTabbarViewController.m; sourceTree = "<group>"; };
		1C2EA35D1C95236B00AFD60F /* ZPTabbarView.h */ = {isa = PBXFileReference; fileEncoding = 4; lastKnownFileType = sourcecode.c.h; path = ZPTabbarView.h; sourceTree = "<group>"; };
		1C2EA35E1C95236B00AFD60F /* ZPTabbarView.m */ = {isa = PBXFileReference; fileEncoding = 4; lastKnownFileType = sourcecode.c.objc; path = ZPTabbarView.m; sourceTree = "<group>"; };
		1C2EA3671C954EB000AFD60F /* ZPFourViewController.h */ = {isa = PBXFileReference; fileEncoding = 4; lastKnownFileType = sourcecode.c.h; path = ZPFourViewController.h; sourceTree = "<group>"; };
		1C2EA3681C954EB000AFD60F /* ZPFourViewController.m */ = {isa = PBXFileReference; fileEncoding = 4; lastKnownFileType = sourcecode.c.objc; path = ZPFourViewController.m; sourceTree = "<group>"; };
		1C2EA36D1C954F0E00AFD60F /* ZPThreeViewController.h */ = {isa = PBXFileReference; fileEncoding = 4; lastKnownFileType = sourcecode.c.h; path = ZPThreeViewController.h; sourceTree = "<group>"; };
		1C2EA36E1C954F0E00AFD60F /* ZPThreeViewController.m */ = {isa = PBXFileReference; fileEncoding = 4; lastKnownFileType = sourcecode.c.objc; path = ZPThreeViewController.m; sourceTree = "<group>"; };
		1C2EA3731C954F7300AFD60F /* ZPSecondViewController.h */ = {isa = PBXFileReference; fileEncoding = 4; lastKnownFileType = sourcecode.c.h; path = ZPSecondViewController.h; sourceTree = "<group>"; };
		1C2EA3741C954F7300AFD60F /* ZPSecondViewController.m */ = {isa = PBXFileReference; fileEncoding = 4; lastKnownFileType = sourcecode.c.objc; path = ZPSecondViewController.m; sourceTree = "<group>"; };
		1C2EA37A1C954FEE00AFD60F /* ZPFirstViewController.h */ = {isa = PBXFileReference; fileEncoding = 4; lastKnownFileType = sourcecode.c.h; path = ZPFirstViewController.h; sourceTree = "<group>"; };
		1C2EA37B1C954FEE00AFD60F /* ZPFirstViewController.m */ = {isa = PBXFileReference; fileEncoding = 4; lastKnownFileType = sourcecode.c.objc; path = ZPFirstViewController.m; sourceTree = "<group>"; };
		1C2EA37F1C9573D800AFD60F /* ZPProject.pch */ = {isa = PBXFileReference; fileEncoding = 4; lastKnownFileType = sourcecode.c.h; path = ZPProject.pch; sourceTree = "<group>"; };
		1C2EA3811C957A2500AFD60F /* ZPNetworking.h */ = {isa = PBXFileReference; fileEncoding = 4; lastKnownFileType = sourcecode.c.h; path = ZPNetworking.h; sourceTree = "<group>"; };
		1C2EA3821C957A2500AFD60F /* ZPNetworking.m */ = {isa = PBXFileReference; fileEncoding = 4; lastKnownFileType = sourcecode.c.objc; path = ZPNetworking.m; sourceTree = "<group>"; };
		1C5226FC1C9CEFB90069D736 /* ZPJSONModelViewController.h */ = {isa = PBXFileReference; fileEncoding = 4; lastKnownFileType = sourcecode.c.h; path = ZPJSONModelViewController.h; sourceTree = "<group>"; };
		1C5226FD1C9CEFB90069D736 /* ZPJSONModelViewController.m */ = {isa = PBXFileReference; fileEncoding = 4; lastKnownFileType = sourcecode.c.objc; path = ZPJSONModelViewController.m; sourceTree = "<group>"; };
		1C5226FF1C9CF06D0069D736 /* ZPFirstJSONModel.h */ = {isa = PBXFileReference; fileEncoding = 4; lastKnownFileType = sourcecode.c.h; path = ZPFirstJSONModel.h; sourceTree = "<group>"; };
		1C5227001C9CF06D0069D736 /* ZPFirstJSONModel.m */ = {isa = PBXFileReference; fileEncoding = 4; lastKnownFileType = sourcecode.c.objc; path = ZPFirstJSONModel.m; sourceTree = "<group>"; };
		1C5227021C9CFB700069D736 /* ZPImagesJSONModel.h */ = {isa = PBXFileReference; fileEncoding = 4; lastKnownFileType = sourcecode.c.h; path = ZPImagesJSONModel.h; sourceTree = "<group>"; };
		1C5227031C9CFB700069D736 /* ZPImagesJSONModel.m */ = {isa = PBXFileReference; fileEncoding = 4; lastKnownFileType = sourcecode.c.objc; path = ZPImagesJSONModel.m; sourceTree = "<group>"; };
		1CCE3FE91CF2117600430EED /* Department+CoreDataProperties.h */ = {isa = PBXFileReference; fileEncoding = 4; lastKnownFileType = sourcecode.c.h; path = "Department+CoreDataProperties.h"; sourceTree = "<group>"; };
		1CCE3FEA1CF2117600430EED /* Department+CoreDataProperties.m */ = {isa = PBXFileReference; fileEncoding = 4; lastKnownFileType = sourcecode.c.objc; path = "Department+CoreDataProperties.m"; sourceTree = "<group>"; };
		1CCE3FEB1CF2117600430EED /* Department.h */ = {isa = PBXFileReference; fileEncoding = 4; lastKnownFileType = sourcecode.c.h; path = Department.h; sourceTree = "<group>"; };
		1CCE3FEC1CF2117600430EED /* Department.m */ = {isa = PBXFileReference; fileEncoding = 4; lastKnownFileType = sourcecode.c.objc; path = Department.m; sourceTree = "<group>"; };
		1CCE3FED1CF2117600430EED /* Employees.xcdatamodel */ = {isa = PBXFileReference; lastKnownFileType = wrapper.xcdatamodel; path = Employees.xcdatamodel; sourceTree = "<group>"; };
		1CCE3FEE1CF2117600430EED /* Person+CoreDataProperties.h */ = {isa = PBXFileReference; fileEncoding = 4; lastKnownFileType = sourcecode.c.h; path = "Person+CoreDataProperties.h"; sourceTree = "<group>"; };
		1CCE3FEF1CF2117600430EED /* Person+CoreDataProperties.m */ = {isa = PBXFileReference; fileEncoding = 4; lastKnownFileType = sourcecode.c.objc; path = "Person+CoreDataProperties.m"; sourceTree = "<group>"; };
		1CCE3FF01CF2117600430EED /* Person.h */ = {isa = PBXFileReference; fileEncoding = 4; lastKnownFileType = sourcecode.c.h; path = Person.h; sourceTree = "<group>"; };
		1CCE3FF11CF2117600430EED /* Person.m */ = {isa = PBXFileReference; fileEncoding = 4; lastKnownFileType = sourcecode.c.objc; path = Person.m; sourceTree = "<group>"; };
		1CCE3FF21CF2117600430EED /* ZPCoreDataRelationViewController.h */ = {isa = PBXFileReference; fileEncoding = 4; lastKnownFileType = sourcecode.c.h; path = ZPCoreDataRelationViewController.h; sourceTree = "<group>"; };
		1CCE3FF31CF2117600430EED /* ZPCoreDataRelationViewController.m */ = {isa = PBXFileReference; fileEncoding = 4; lastKnownFileType = sourcecode.c.objc; path = ZPCoreDataRelationViewController.m; sourceTree = "<group>"; };
		1CCE3FFB1CF211F700430EED /* ZPNewFeatuersViewController.h */ = {isa = PBXFileReference; fileEncoding = 4; lastKnownFileType = sourcecode.c.h; path = ZPNewFeatuersViewController.h; sourceTree = "<group>"; };
		1CCE3FFC1CF211F700430EED /* ZPNewFeatuersViewController.m */ = {isa = PBXFileReference; fileEncoding = 4; lastKnownFileType = sourcecode.c.objc; path = ZPNewFeatuersViewController.m; sourceTree = "<group>"; };
		1CCE3FFD1CF211F700430EED /* ZPUploadImageFromSystemViewController.h */ = {isa = PBXFileReference; fileEncoding = 4; lastKnownFileType = sourcecode.c.h; path = ZPUploadImageFromSystemViewController.h; sourceTree = "<group>"; };
		1CCE3FFE1CF211F700430EED /* ZPUploadImageFromSystemViewController.m */ = {isa = PBXFileReference; fileEncoding = 4; lastKnownFileType = sourcecode.c.objc; path = ZPUploadImageFromSystemViewController.m; sourceTree = "<group>"; };
		2B3DFCFD029311ED6ADAFAE9 /* libPods.a */ = {isa = PBXFileReference; explicitFileType = archive.ar; includeInIndex = 0; path = libPods.a; sourceTree = BUILT_PRODUCTS_DIR; };
		842A622DDFF335BFCE7FCC89 /* Pods.debug.xcconfig */ = {isa = PBXFileReference; includeInIndex = 1; lastKnownFileType = text.xcconfig; name = Pods.debug.xcconfig; path = "Pods/Target Support Files/Pods/Pods.debug.xcconfig"; sourceTree = "<group>"; };
		8EDFDB81E4CD84C41D4A40D0 /* Pods.release.xcconfig */ = {isa = PBXFileReference; includeInIndex = 1; lastKnownFileType = text.xcconfig; name = Pods.release.xcconfig; path = "Pods/Target Support Files/Pods/Pods.release.xcconfig"; sourceTree = "<group>"; };
/* End PBXFileReference section */

/* Begin PBXFrameworksBuildPhase section */
		1C2EA31A1C9521A200AFD60F /* Frameworks */ = {
			isa = PBXFrameworksBuildPhase;
			buildActionMask = 2147483647;
			files = (
				52A1AAEB9C358296E9ACC201 /* libPods.a in Frameworks */,
			);
			runOnlyForDeploymentPostprocessing = 0;
		};
		1C2EA3331C9521A200AFD60F /* Frameworks */ = {
			isa = PBXFrameworksBuildPhase;
			buildActionMask = 2147483647;
			files = (
			);
			runOnlyForDeploymentPostprocessing = 0;
		};
		1C2EA33E1C9521A200AFD60F /* Frameworks */ = {
			isa = PBXFrameworksBuildPhase;
			buildActionMask = 2147483647;
			files = (
			);
			runOnlyForDeploymentPostprocessing = 0;
		};
/* End PBXFrameworksBuildPhase section */

/* Begin PBXGroup section */
		1C014D981C986532007E4F8D /* Main */ = {
			isa = PBXGroup;
			children = (
				1C2EA3771C954FBD00AFD60F /* ViewController */,
				1C2EA3781C954FCE00AFD60F /* View */,
				1C2EA3791C954FD900AFD60F /* Model */,
			);
			path = Main;
			sourceTree = "<group>";
		};
		1C014D991C986571007E4F8D /* GET请求 */ = {
			isa = PBXGroup;
			children = (
				1C014D9A1C9865A3007E4F8D /* ZPFirstGETViewController.h */,
				1C014D9B1C9865A3007E4F8D /* ZPFirstGETViewController.m */,
			);
			path = "GET请求";
			sourceTree = "<group>";
		};
		1C014D9D1C98699E007E4F8D /* POST请求 */ = {
			isa = PBXGroup;
			children = (
				1C014D9E1C9869BA007E4F8D /* ZPFirstPOSTViewController.h */,
				1C014D9F1C9869BA007E4F8D /* ZPFirstPOSTViewController.m */,
			);
			path = "POST请求";
			sourceTree = "<group>";
		};
		1C014DA11C986BAF007E4F8D /* ZPAPI */ = {
			isa = PBXGroup;
			children = (
				1C014DA31C986C7A007E4F8D /* GYAPI.h */,
				1C014DA41C986C7A007E4F8D /* GYAPI.m */,
			);
			path = ZPAPI;
			sourceTree = "<group>";
		};
		1C2EA3141C9521A200AFD60F = {
			isa = PBXGroup;
			children = (
				1C2EA31F1C9521A200AFD60F /* ZPProject */,
				1C2EA3391C9521A200AFD60F /* ZPProjectTests */,
				1C2EA3441C9521A200AFD60F /* ZPProjectUITests */,
				1C2EA31E1C9521A200AFD60F /* Products */,
				A29796E9408AA83E98CFEA09 /* Pods */,
				EED64F1DBA4B29CB998A0B62 /* Frameworks */,
			);
			sourceTree = "<group>";
		};
		1C2EA31E1C9521A200AFD60F /* Products */ = {
			isa = PBXGroup;
			children = (
				1C2EA31D1C9521A200AFD60F /* ZPProject.app */,
				1C2EA3361C9521A200AFD60F /* ZPProjectTests.xctest */,
				1C2EA3411C9521A200AFD60F /* ZPProjectUITests.xctest */,
			);
			name = Products;
			sourceTree = "<group>";
		};
		1C2EA31F1C9521A200AFD60F /* ZPProject */ = {
			isa = PBXGroup;
			children = (
				1C014DA11C986BAF007E4F8D /* ZPAPI */,
				1C2EA3801C95762D00AFD60F /* Network */,
				1C2EA3631C954E3900AFD60F /* Four */,
				1C2EA3621C954E2800AFD60F /* Three */,
				1C2EA3611C954E1C00AFD60F /* Second */,
				1C2EA3601C954DFC00AFD60F /* First */,
				1C2EA3531C9521BD00AFD60F /* ZPTabbar */,
				1C2EA37E1C95503000AFD60F /* AppDelegate */,
				1C2EA3261C9521A200AFD60F /* ViewController.h */,
				1C2EA3271C9521A200AFD60F /* ViewController.m */,
				1C2EA3291C9521A200AFD60F /* Main.storyboard */,
				1C2EA32C1C9521A200AFD60F /* Assets.xcassets */,
				1C2EA32E1C9521A200AFD60F /* LaunchScreen.storyboard */,
				1C2EA3311C9521A200AFD60F /* Info.plist */,
				1C2EA3201C9521A200AFD60F /* Supporting Files */,
				1C2EA37F1C9573D800AFD60F /* ZPProject.pch */,
			);
			path = ZPProject;
			sourceTree = "<group>";
		};
		1C2EA3201C9521A200AFD60F /* Supporting Files */ = {
			isa = PBXGroup;
			children = (
				1C2EA3211C9521A200AFD60F /* main.m */,
			);
			name = "Supporting Files";
			sourceTree = "<group>";
		};
		1C2EA3391C9521A200AFD60F /* ZPProjectTests */ = {
			isa = PBXGroup;
			children = (
				1C2EA33A1C9521A200AFD60F /* ZPProjectTests.m */,
				1C2EA33C1C9521A200AFD60F /* Info.plist */,
			);
			path = ZPProjectTests;
			sourceTree = "<group>";
		};
		1C2EA3441C9521A200AFD60F /* ZPProjectUITests */ = {
			isa = PBXGroup;
			children = (
				1C2EA3451C9521A200AFD60F /* ZPProjectUITests.m */,
				1C2EA3471C9521A200AFD60F /* Info.plist */,
			);
			path = ZPProjectUITests;
			sourceTree = "<group>";
		};
		1C2EA3531C9521BD00AFD60F /* ZPTabbar */ = {
			isa = PBXGroup;
			children = (
				1C2EA3561C95224400AFD60F /* View */,
				1C2EA3551C95223400AFD60F /* ViewController */,
				1C2EA3541C95221B00AFD60F /* Model */,
			);
			path = ZPTabbar;
			sourceTree = "<group>";
		};
		1C2EA3541C95221B00AFD60F /* Model */ = {
			isa = PBXGroup;
			children = (
			);
			path = Model;
			sourceTree = "<group>";
		};
		1C2EA3551C95223400AFD60F /* ViewController */ = {
			isa = PBXGroup;
			children = (
				1C2EA35A1C9522CE00AFD60F /* ZPTabbarViewController.h */,
				1C2EA35B1C9522CE00AFD60F /* ZPTabbarViewController.m */,
			);
			path = ViewController;
			sourceTree = "<group>";
		};
		1C2EA3561C95224400AFD60F /* View */ = {
			isa = PBXGroup;
			children = (
				1C2EA35D1C95236B00AFD60F /* ZPTabbarView.h */,
				1C2EA35E1C95236B00AFD60F /* ZPTabbarView.m */,
			);
			path = View;
			sourceTree = "<group>";
		};
		1C2EA3601C954DFC00AFD60F /* First */ = {
			isa = PBXGroup;
			children = (
				1CCE3FFA1CF211F700430EED /* sheet和alert和系统相机、图库、相册 */,
				1CCE3FE81CF2117600430EED /* coreData */,
				1C9B78261C9CEE64004CD1A0 /* JSONModel应用 */,
				1C014D9D1C98699E007E4F8D /* POST请求 */,
				1C014D991C986571007E4F8D /* GET请求 */,
				1C014D981C986532007E4F8D /* Main */,
			);
			path = First;
			sourceTree = "<group>";
		};
		1C2EA3611C954E1C00AFD60F /* Second */ = {
			isa = PBXGroup;
			children = (
				1C2EA3721C954F4F00AFD60F /* Model */,
				1C2EA3711C954F4300AFD60F /* ViewController */,
				1C2EA3701C954F3400AFD60F /* View */,
			);
			path = Second;
			sourceTree = "<group>";
		};
		1C2EA3621C954E2800AFD60F /* Three */ = {
			isa = PBXGroup;
			children = (
				1C2EA36C1C954EFB00AFD60F /* Model */,
				1C2EA36B1C954EEC00AFD60F /* ViewController */,
				1C2EA36A1C954EDC00AFD60F /* View */,
			);
			path = Three;
			sourceTree = "<group>";
		};
		1C2EA3631C954E3900AFD60F /* Four */ = {
			isa = PBXGroup;
			children = (
				1C2EA3661C954E8000AFD60F /* Model */,
				1C2EA3651C954E7200AFD60F /* ViewController */,
				1C2EA3641C954E5900AFD60F /* View */,
			);
			path = Four;
			sourceTree = "<group>";
		};
		1C2EA3641C954E5900AFD60F /* View */ = {
			isa = PBXGroup;
			children = (
			);
			path = View;
			sourceTree = "<group>";
		};
		1C2EA3651C954E7200AFD60F /* ViewController */ = {
			isa = PBXGroup;
			children = (
				1C2EA3671C954EB000AFD60F /* ZPFourViewController.h */,
				1C2EA3681C954EB000AFD60F /* ZPFourViewController.m */,
			);
			path = ViewController;
			sourceTree = "<group>";
		};
		1C2EA3661C954E8000AFD60F /* Model */ = {
			isa = PBXGroup;
			children = (
			);
			path = Model;
			sourceTree = "<group>";
		};
		1C2EA36A1C954EDC00AFD60F /* View */ = {
			isa = PBXGroup;
			children = (
			);
			path = View;
			sourceTree = "<group>";
		};
		1C2EA36B1C954EEC00AFD60F /* ViewController */ = {
			isa = PBXGroup;
			children = (
				1C2EA36D1C954F0E00AFD60F /* ZPThreeViewController.h */,
				1C2EA36E1C954F0E00AFD60F /* ZPThreeViewController.m */,
			);
			path = ViewController;
			sourceTree = "<group>";
		};
		1C2EA36C1C954EFB00AFD60F /* Model */ = {
			isa = PBXGroup;
			children = (
			);
			path = Model;
			sourceTree = "<group>";
		};
		1C2EA3701C954F3400AFD60F /* View */ = {
			isa = PBXGroup;
			children = (
			);
			path = View;
			sourceTree = "<group>";
		};
		1C2EA3711C954F4300AFD60F /* ViewController */ = {
			isa = PBXGroup;
			children = (
				1C2EA3731C954F7300AFD60F /* ZPSecondViewController.h */,
				1C2EA3741C954F7300AFD60F /* ZPSecondViewController.m */,
			);
			path = ViewController;
			sourceTree = "<group>";
		};
		1C2EA3721C954F4F00AFD60F /* Model */ = {
			isa = PBXGroup;
			children = (
			);
			path = Model;
			sourceTree = "<group>";
		};
		1C2EA3771C954FBD00AFD60F /* ViewController */ = {
			isa = PBXGroup;
			children = (
				1C2EA37A1C954FEE00AFD60F /* ZPFirstViewController.h */,
				1C2EA37B1C954FEE00AFD60F /* ZPFirstViewController.m */,
			);
			name = ViewController;
			path = ../ViewController;
			sourceTree = "<group>";
		};
		1C2EA3781C954FCE00AFD60F /* View */ = {
			isa = PBXGroup;
			children = (
			);
			name = View;
			path = ../View;
			sourceTree = "<group>";
		};
		1C2EA3791C954FD900AFD60F /* Model */ = {
			isa = PBXGroup;
			children = (
			);
			name = Model;
			path = ../Model;
			sourceTree = "<group>";
		};
		1C2EA37E1C95503000AFD60F /* AppDelegate */ = {
			isa = PBXGroup;
			children = (
				1C2EA3231C9521A200AFD60F /* AppDelegate.h */,
				1C2EA3241C9521A200AFD60F /* AppDelegate.m */,
			);
			name = AppDelegate;
			sourceTree = "<group>";
		};
		1C2EA3801C95762D00AFD60F /* Network */ = {
			isa = PBXGroup;
			children = (
				1C2EA3811C957A2500AFD60F /* ZPNetworking.h */,
				1C2EA3821C957A2500AFD60F /* ZPNetworking.m */,
			);
			path = Network;
			sourceTree = "<group>";
		};
		1C9B78261C9CEE64004CD1A0 /* JSONModel应用 */ = {
			isa = PBXGroup;
			children = (
				1C9B78281C9CEEA2004CD1A0 /* Model */,
				1C9B78271C9CEE93004CD1A0 /* ViewController */,
			);
			path = "JSONModel应用";
			sourceTree = "<group>";
		};
		1C9B78271C9CEE93004CD1A0 /* ViewController */ = {
			isa = PBXGroup;
			children = (
				1C5226FC1C9CEFB90069D736 /* ZPJSONModelViewController.h */,
				1C5226FD1C9CEFB90069D736 /* ZPJSONModelViewController.m */,
			);
			path = ViewController;
			sourceTree = "<group>";
		};
		1C9B78281C9CEEA2004CD1A0 /* Model */ = {
			isa = PBXGroup;
			children = (
				1C5226FF1C9CF06D0069D736 /* ZPFirstJSONModel.h */,
				1C5227001C9CF06D0069D736 /* ZPFirstJSONModel.m */,
				1C5227021C9CFB700069D736 /* ZPImagesJSONModel.h */,
				1C5227031C9CFB700069D736 /* ZPImagesJSONModel.m */,
			);
			path = Model;
			sourceTree = "<group>";
		};
		1CCE3FE81CF2117600430EED /* coreData */ = {
			isa = PBXGroup;
			children = (
				1CCE3FE91CF2117600430EED /* Department+CoreDataProperties.h */,
				1CCE3FEA1CF2117600430EED /* Department+CoreDataProperties.m */,
				1CCE3FEB1CF2117600430EED /* Department.h */,
				1CCE3FEC1CF2117600430EED /* Department.m */,
				1CCE3FED1CF2117600430EED /* Employees.xcdatamodel */,
				1CCE3FEE1CF2117600430EED /* Person+CoreDataProperties.h */,
				1CCE3FEF1CF2117600430EED /* Person+CoreDataProperties.m */,
				1CCE3FF01CF2117600430EED /* Person.h */,
				1CCE3FF11CF2117600430EED /* Person.m */,
				1CCE3FF21CF2117600430EED /* ZPCoreDataRelationViewController.h */,
				1CCE3FF31CF2117600430EED /* ZPCoreDataRelationViewController.m */,
			);
			path = coreData;
			sourceTree = "<group>";
		};
		1CCE3FFA1CF211F700430EED /* sheet和alert和系统相机、图库、相册 */ = {
			isa = PBXGroup;
			children = (
				1CCE3FFB1CF211F700430EED /* ZPNewFeatuersViewController.h */,
				1CCE3FFC1CF211F700430EED /* ZPNewFeatuersViewController.m */,
				1CCE3FFD1CF211F700430EED /* ZPUploadImageFromSystemViewController.h */,
				1CCE3FFE1CF211F700430EED /* ZPUploadImageFromSystemViewController.m */,
			);
			path = "sheet和alert和系统相机、图库、相册";
			sourceTree = "<group>";
		};
		A29796E9408AA83E98CFEA09 /* Pods */ = {
			isa = PBXGroup;
			children = (
				842A622DDFF335BFCE7FCC89 /* Pods.debug.xcconfig */,
				8EDFDB81E4CD84C41D4A40D0 /* Pods.release.xcconfig */,
			);
			name = Pods;
			sourceTree = "<group>";
		};
		EED64F1DBA4B29CB998A0B62 /* Frameworks */ = {
			isa = PBXGroup;
			children = (
				2B3DFCFD029311ED6ADAFAE9 /* libPods.a */,
			);
			name = Frameworks;
			sourceTree = "<group>";
		};
/* End PBXGroup section */

/* Begin PBXNativeTarget section */
		1C2EA31C1C9521A200AFD60F /* ZPProject */ = {
			isa = PBXNativeTarget;
			buildConfigurationList = 1C2EA34A1C9521A200AFD60F /* Build configuration list for PBXNativeTarget "ZPProject" */;
			buildPhases = (
				97E2B5BB9EF787CEDD7E8C99 /* Check Pods Manifest.lock */,
				1C2EA3191C9521A200AFD60F /* Sources */,
				1C2EA31A1C9521A200AFD60F /* Frameworks */,
				1C2EA31B1C9521A200AFD60F /* Resources */,
				1F8BB77BB9A036A25C657E0B /* Embed Pods Frameworks */,
				C1689EC026F65469A34B3F5F /* Copy Pods Resources */,
			);
			buildRules = (
			);
			dependencies = (
			);
			name = ZPProject;
			productName = ZPProject;
			productReference = 1C2EA31D1C9521A200AFD60F /* ZPProject.app */;
			productType = "com.apple.product-type.application";
		};
		1C2EA3351C9521A200AFD60F /* ZPProjectTests */ = {
			isa = PBXNativeTarget;
			buildConfigurationList = 1C2EA34D1C9521A200AFD60F /* Build configuration list for PBXNativeTarget "ZPProjectTests" */;
			buildPhases = (
				1C2EA3321C9521A200AFD60F /* Sources */,
				1C2EA3331C9521A200AFD60F /* Frameworks */,
				1C2EA3341C9521A200AFD60F /* Resources */,
			);
			buildRules = (
			);
			dependencies = (
				1C2EA3381C9521A200AFD60F /* PBXTargetDependency */,
			);
			name = ZPProjectTests;
			productName = ZPProjectTests;
			productReference = 1C2EA3361C9521A200AFD60F /* ZPProjectTests.xctest */;
			productType = "com.apple.product-type.bundle.unit-test";
		};
		1C2EA3401C9521A200AFD60F /* ZPProjectUITests */ = {
			isa = PBXNativeTarget;
			buildConfigurationList = 1C2EA3501C9521A200AFD60F /* Build configuration list for PBXNativeTarget "ZPProjectUITests" */;
			buildPhases = (
				1C2EA33D1C9521A200AFD60F /* Sources */,
				1C2EA33E1C9521A200AFD60F /* Frameworks */,
				1C2EA33F1C9521A200AFD60F /* Resources */,
			);
			buildRules = (
			);
			dependencies = (
				1C2EA3431C9521A200AFD60F /* PBXTargetDependency */,
			);
			name = ZPProjectUITests;
			productName = ZPProjectUITests;
			productReference = 1C2EA3411C9521A200AFD60F /* ZPProjectUITests.xctest */;
			productType = "com.apple.product-type.bundle.ui-testing";
		};
/* End PBXNativeTarget section */

/* Begin PBXProject section */
		1C2EA3151C9521A200AFD60F /* Project object */ = {
			isa = PBXProject;
			attributes = {
				LastUpgradeCheck = 0710;
				ORGANIZATIONNAME = LZP;
				TargetAttributes = {
					1C2EA31C1C9521A200AFD60F = {
						CreatedOnToolsVersion = 7.1;
					};
					1C2EA3351C9521A200AFD60F = {
						CreatedOnToolsVersion = 7.1;
						TestTargetID = 1C2EA31C1C9521A200AFD60F;
					};
					1C2EA3401C9521A200AFD60F = {
						CreatedOnToolsVersion = 7.1;
						TestTargetID = 1C2EA31C1C9521A200AFD60F;
					};
				};
			};
			buildConfigurationList = 1C2EA3181C9521A200AFD60F /* Build configuration list for PBXProject "ZPProject" */;
			compatibilityVersion = "Xcode 3.2";
			developmentRegion = English;
			hasScannedForEncodings = 0;
			knownRegions = (
				en,
				Base,
			);
			mainGroup = 1C2EA3141C9521A200AFD60F;
			productRefGroup = 1C2EA31E1C9521A200AFD60F /* Products */;
			projectDirPath = "";
			projectRoot = "";
			targets = (
				1C2EA31C1C9521A200AFD60F /* ZPProject */,
				1C2EA3351C9521A200AFD60F /* ZPProjectTests */,
				1C2EA3401C9521A200AFD60F /* ZPProjectUITests */,
			);
		};
/* End PBXProject section */

/* Begin PBXResourcesBuildPhase section */
		1C2EA31B1C9521A200AFD60F /* Resources */ = {
			isa = PBXResourcesBuildPhase;
			buildActionMask = 2147483647;
			files = (
				1C2EA3301C9521A200AFD60F /* LaunchScreen.storyboard in Resources */,
				1C2EA32D1C9521A200AFD60F /* Assets.xcassets in Resources */,
				1C2EA32B1C9521A200AFD60F /* Main.storyboard in Resources */,
			);
			runOnlyForDeploymentPostprocessing = 0;
		};
		1C2EA3341C9521A200AFD60F /* Resources */ = {
			isa = PBXResourcesBuildPhase;
			buildActionMask = 2147483647;
			files = (
			);
			runOnlyForDeploymentPostprocessing = 0;
		};
		1C2EA33F1C9521A200AFD60F /* Resources */ = {
			isa = PBXResourcesBuildPhase;
			buildActionMask = 2147483647;
			files = (
			);
			runOnlyForDeploymentPostprocessing = 0;
		};
/* End PBXResourcesBuildPhase section */

/* Begin PBXShellScriptBuildPhase section */
		1F8BB77BB9A036A25C657E0B /* Embed Pods Frameworks */ = {
			isa = PBXShellScriptBuildPhase;
			buildActionMask = 2147483647;
			files = (
			);
			inputPaths = (
			);
			name = "Embed Pods Frameworks";
			outputPaths = (
			);
			runOnlyForDeploymentPostprocessing = 0;
			shellPath = /bin/sh;
			shellScript = "\"${SRCROOT}/Pods/Target Support Files/Pods/Pods-frameworks.sh\"\n";
			showEnvVarsInLog = 0;
		};
		97E2B5BB9EF787CEDD7E8C99 /* Check Pods Manifest.lock */ = {
			isa = PBXShellScriptBuildPhase;
			buildActionMask = 2147483647;
			files = (
			);
			inputPaths = (
			);
			name = "Check Pods Manifest.lock";
			outputPaths = (
			);
			runOnlyForDeploymentPostprocessing = 0;
			shellPath = /bin/sh;
			shellScript = "diff \"${PODS_ROOT}/../Podfile.lock\" \"${PODS_ROOT}/Manifest.lock\" > /dev/null\nif [[ $? != 0 ]] ; then\n    cat << EOM\nerror: The sandbox is not in sync with the Podfile.lock. Run 'pod install' or update your CocoaPods installation.\nEOM\n    exit 1\nfi\n";
			showEnvVarsInLog = 0;
		};
		C1689EC026F65469A34B3F5F /* Copy Pods Resources */ = {
			isa = PBXShellScriptBuildPhase;
			buildActionMask = 2147483647;
			files = (
			);
			inputPaths = (
			);
			name = "Copy Pods Resources";
			outputPaths = (
			);
			runOnlyForDeploymentPostprocessing = 0;
			shellPath = /bin/sh;
			shellScript = "\"${SRCROOT}/Pods/Target Support Files/Pods/Pods-resources.sh\"\n";
			showEnvVarsInLog = 0;
		};
/* End PBXShellScriptBuildPhase section */

/* Begin PBXSourcesBuildPhase section */
		1C2EA3191C9521A200AFD60F /* Sources */ = {
			isa = PBXSourcesBuildPhase;
			buildActionMask = 2147483647;
			files = (
				1C2EA3751C954F7300AFD60F /* ZPSecondViewController.m in Sources */,
				1CCE3FF61CF2117600430EED /* Employees.xcdatamodel in Sources */,
				1C014DA01C9869BA007E4F8D /* ZPFirstPOSTViewController.m in Sources */,
				1C2EA3691C954EB000AFD60F /* ZPFourViewController.m in Sources */,
				1CCE3FFF1CF211F700430EED /* ZPNewFeatuersViewController.m in Sources */,
				1C2EA37C1C954FEE00AFD60F /* ZPFirstViewController.m in Sources */,
				1C2EA35C1C9522CE00AFD60F /* ZPTabbarViewController.m in Sources */,
				1C2EA36F1C954F0E00AFD60F /* ZPThreeViewController.m in Sources */,
				1C5226FE1C9CEFB90069D736 /* ZPJSONModelViewController.m in Sources */,
				1C2EA3281C9521A200AFD60F /* ViewController.m in Sources */,
				1C014D9C1C9865A3007E4F8D /* ZPFirstGETViewController.m in Sources */,
				1CCE3FF91CF2117600430EED /* ZPCoreDataRelationViewController.m in Sources */,
				1C5227041C9CFB700069D736 /* ZPImagesJSONModel.m in Sources */,
				1C2EA35F1C95236B00AFD60F /* ZPTabbarView.m in Sources */,
				1CCE3FF41CF2117600430EED /* Department+CoreDataProperties.m in Sources */,
				1C2EA3831C957A2500AFD60F /* ZPNetworking.m in Sources */,
				1C014DA51C986C7A007E4F8D /* GYAPI.m in Sources */,
				1CCE3FF71CF2117600430EED /* Person+CoreDataProperties.m in Sources */,
				1CCE3FF51CF2117600430EED /* Department.m in Sources */,
				1C2EA3251C9521A200AFD60F /* AppDelegate.m in Sources */,
				1CCE40001CF211F700430EED /* ZPUploadImageFromSystemViewController.m in Sources */,
				1C2EA3221C9521A200AFD60F /* main.m in Sources */,
				1CCE3FF81CF2117600430EED /* Person.m in Sources */,
				1C5227011C9CF06D0069D736 /* ZPFirstJSONModel.m in Sources */,
			);
			runOnlyForDeploymentPostprocessing = 0;
		};
		1C2EA3321C9521A200AFD60F /* Sources */ = {
			isa = PBXSourcesBuildPhase;
			buildActionMask = 2147483647;
			files = (
				1C2EA33B1C9521A200AFD60F /* ZPProjectTests.m in Sources */,
			);
			runOnlyForDeploymentPostprocessing = 0;
		};
		1C2EA33D1C9521A200AFD60F /* Sources */ = {
			isa = PBXSourcesBuildPhase;
			buildActionMask = 2147483647;
			files = (
				1C2EA3461C9521A200AFD60F /* ZPProjectUITests.m in Sources */,
			);
			runOnlyForDeploymentPostprocessing = 0;
		};
/* End PBXSourcesBuildPhase section */

/* Begin PBXTargetDependency section */
		1C2EA3381C9521A200AFD60F /* PBXTargetDependency */ = {
			isa = PBXTargetDependency;
			target = 1C2EA31C1C9521A200AFD60F /* ZPProject */;
			targetProxy = 1C2EA3371C9521A200AFD60F /* PBXContainerItemProxy */;
		};
		1C2EA3431C9521A200AFD60F /* PBXTargetDependency */ = {
			isa = PBXTargetDependency;
			target = 1C2EA31C1C9521A200AFD60F /* ZPProject */;
			targetProxy = 1C2EA3421C9521A200AFD60F /* PBXContainerItemProxy */;
		};
/* End PBXTargetDependency section */

/* Begin PBXVariantGroup section */
		1C2EA3291C9521A200AFD60F /* Main.storyboard */ = {
			isa = PBXVariantGroup;
			children = (
				1C2EA32A1C9521A200AFD60F /* Base */,
			);
			name = Main.storyboard;
			sourceTree = "<group>";
		};
		1C2EA32E1C9521A200AFD60F /* LaunchScreen.storyboard */ = {
			isa = PBXVariantGroup;
			children = (
				1C2EA32F1C9521A200AFD60F /* Base */,
			);
			name = LaunchScreen.storyboard;
			sourceTree = "<group>";
		};
/* End PBXVariantGroup section */

/* Begin XCBuildConfiguration section */
		1C2EA3481C9521A200AFD60F /* Debug */ = {
			isa = XCBuildConfiguration;
			buildSettings = {
				ALWAYS_SEARCH_USER_PATHS = NO;
				CLANG_CXX_LANGUAGE_STANDARD = "gnu++0x";
				CLANG_CXX_LIBRARY = "libc++";
				CLANG_ENABLE_MODULES = YES;
				CLANG_ENABLE_OBJC_ARC = YES;
				CLANG_WARN_BOOL_CONVERSION = YES;
				CLANG_WARN_CONSTANT_CONVERSION = YES;
				CLANG_WARN_DIRECT_OBJC_ISA_USAGE = YES_ERROR;
				CLANG_WARN_EMPTY_BODY = YES;
				CLANG_WARN_ENUM_CONVERSION = YES;
				CLANG_WARN_INT_CONVERSION = YES;
				CLANG_WARN_OBJC_ROOT_CLASS = YES_ERROR;
				CLANG_WARN_UNREACHABLE_CODE = YES;
				CLANG_WARN__DUPLICATE_METHOD_MATCH = YES;
				CODE_SIGN_IDENTITY = "iPhone Developer: Li Xuan (46692UEGZB)";
				"CODE_SIGN_IDENTITY[sdk=iphoneos*]" = "iPhone Developer: Li Xuan (46692UEGZB)";
				COPY_PHASE_STRIP = NO;
				DEBUG_INFORMATION_FORMAT = dwarf;
				ENABLE_STRICT_OBJC_MSGSEND = YES;
				ENABLE_TESTABILITY = YES;
				GCC_C_LANGUAGE_STANDARD = gnu99;
				GCC_DYNAMIC_NO_PIC = NO;
				GCC_NO_COMMON_BLOCKS = YES;
				GCC_OPTIMIZATION_LEVEL = 0;
				GCC_PREPROCESSOR_DEFINITIONS = (
					"DEBUG=1",
					"$(inherited)",
				);
				GCC_WARN_64_TO_32_BIT_CONVERSION = YES;
				GCC_WARN_ABOUT_RETURN_TYPE = YES_ERROR;
				GCC_WARN_UNDECLARED_SELECTOR = YES;
				GCC_WARN_UNINITIALIZED_AUTOS = YES_AGGRESSIVE;
				GCC_WARN_UNUSED_FUNCTION = YES;
				GCC_WARN_UNUSED_VARIABLE = YES;
				IPHONEOS_DEPLOYMENT_TARGET = 7.0;
				MTL_ENABLE_DEBUG_INFO = YES;
				ONLY_ACTIVE_ARCH = YES;
				PROVISIONING_PROFILE = "993bc292-99bd-4a1d-8acb-80ee9ec83293";
				SDKROOT = iphoneos;
				TARGETED_DEVICE_FAMILY = "1,2";
			};
			name = Debug;
		};
		1C2EA3491C9521A200AFD60F /* Release */ = {
			isa = XCBuildConfiguration;
			buildSettings = {
				ALWAYS_SEARCH_USER_PATHS = NO;
				CLANG_CXX_LANGUAGE_STANDARD = "gnu++0x";
				CLANG_CXX_LIBRARY = "libc++";
				CLANG_ENABLE_MODULES = YES;
				CLANG_ENABLE_OBJC_ARC = YES;
				CLANG_WARN_BOOL_CONVERSION = YES;
				CLANG_WARN_CONSTANT_CONVERSION = YES;
				CLANG_WARN_DIRECT_OBJC_ISA_USAGE = YES_ERROR;
				CLANG_WARN_EMPTY_BODY = YES;
				CLANG_WARN_ENUM_CONVERSION = YES;
				CLANG_WARN_INT_CONVERSION = YES;
				CLANG_WARN_OBJC_ROOT_CLASS = YES_ERROR;
				CLANG_WARN_UNREACHABLE_CODE = YES;
				CLANG_WARN__DUPLICATE_METHOD_MATCH = YES;
				CODE_SIGN_IDENTITY = "iPhone Developer: Li Xuan (46692UEGZB)";
				"CODE_SIGN_IDENTITY[sdk=iphoneos*]" = "iPhone Developer: Li Xuan (46692UEGZB)";
				COPY_PHASE_STRIP = NO;
				DEBUG_INFORMATION_FORMAT = "dwarf-with-dsym";
				ENABLE_NS_ASSERTIONS = NO;
				ENABLE_STRICT_OBJC_MSGSEND = YES;
				GCC_C_LANGUAGE_STANDARD = gnu99;
				GCC_NO_COMMON_BLOCKS = YES;
				GCC_WARN_64_TO_32_BIT_CONVERSION = YES;
				GCC_WARN_ABOUT_RETURN_TYPE = YES_ERROR;
				GCC_WARN_UNDECLARED_SELECTOR = YES;
				GCC_WARN_UNINITIALIZED_AUTOS = YES_AGGRESSIVE;
				GCC_WARN_UNUSED_FUNCTION = YES;
				GCC_WARN_UNUSED_VARIABLE = YES;
				IPHONEOS_DEPLOYMENT_TARGET = 7.0;
				MTL_ENABLE_DEBUG_INFO = NO;
				PROVISIONING_PROFILE = "993bc292-99bd-4a1d-8acb-80ee9ec83293";
				SDKROOT = iphoneos;
				TARGETED_DEVICE_FAMILY = "1,2";
				VALIDATE_PRODUCT = YES;
			};
			name = Release;
		};
		1C2EA34B1C9521A200AFD60F /* Debug */ = {
			isa = XCBuildConfiguration;
			baseConfigurationReference = 842A622DDFF335BFCE7FCC89 /* Pods.debug.xcconfig */;
			buildSettings = {
				ASSETCATALOG_COMPILER_APPICON_NAME = AppIcon;
				CODE_SIGN_IDENTITY = "iPhone Developer: Li Xuan (46692UEGZB)";
				"CODE_SIGN_IDENTITY[sdk=iphoneos*]" = "iPhone Developer: Li Xuan (46692UEGZB)";
				GCC_OPTIMIZATION_LEVEL = 0;
				GCC_PREFIX_HEADER = /Users/lizhipeng/Documents/ZPProject/ZPProject/ZPProject.pch;
				HEADER_SEARCH_PATHS = (
					"$(inherited)",
					"\"${PODS_ROOT}/Headers/Public\"",
					"\"${PODS_ROOT}/Headers/Public/AFNetworking\"",
					"\"${PODS_ROOT}/Headers/Public/MBProgressHUD\"",
				);
				INFOPLIST_FILE = ZPProject/Info.plist;
				IPHONEOS_DEPLOYMENT_TARGET = 9.1;
				LD_RUNPATH_SEARCH_PATHS = "$(inherited) @executable_path/Frameworks";
				PRODUCT_BUNDLE_IDENTIFIER = ZP.ZPProject;
				PRODUCT_NAME = "$(TARGET_NAME)";
				PROVISIONING_PROFILE = "993bc292-99bd-4a1d-8acb-80ee9ec83293";
				USER_HEADER_SEARCH_PATHS = "$(PODS_ROOT)/**";
			};
			name = Debug;
		};
		1C2EA34C1C9521A200AFD60F /* Release */ = {
			isa = XCBuildConfiguration;
			baseConfigurationReference = 8EDFDB81E4CD84C41D4A40D0 /* Pods.release.xcconfig */;
			buildSettings = {
				ASSETCATALOG_COMPILER_APPICON_NAME = AppIcon;
				CODE_SIGN_IDENTITY = "iPhone Developer: Li Xuan (46692UEGZB)";
				"CODE_SIGN_IDENTITY[sdk=iphoneos*]" = "iPhone Developer: Li Xuan (46692UEGZB)";
				GCC_OPTIMIZATION_LEVEL = 0;
				GCC_PREFIX_HEADER = /Users/lizhipeng/Documents/ZPProject/ZPProject/ZPProject.pch;
				HEADER_SEARCH_PATHS = (
					"$(inherited)",
					"\"${PODS_ROOT}/Headers/Public\"",
					"\"${PODS_ROOT}/Headers/Public/AFNetworking\"",
					"\"${PODS_ROOT}/Headers/Public/MBProgressHUD\"",
				);
				INFOPLIST_FILE = ZPProject/Info.plist;
				IPHONEOS_DEPLOYMENT_TARGET = 9.1;
				LD_RUNPATH_SEARCH_PATHS = "$(inherited) @executable_path/Frameworks";
				PRODUCT_BUNDLE_IDENTIFIER = ZP.ZPProject;
				PRODUCT_NAME = "$(TARGET_NAME)";
				PROVISIONING_PROFILE = "993bc292-99bd-4a1d-8acb-80ee9ec83293";
				USER_HEADER_SEARCH_PATHS = "$(PODS_ROOT)/**";
			};
			name = Release;
		};
		1C2EA34E1C9521A200AFD60F /* Debug */ = {
			isa = XCBuildConfiguration;
			buildSettings = {
				BUNDLE_LOADER = "$(TEST_HOST)";
				INFOPLIST_FILE = ZPProjectTests/Info.plist;
				LD_RUNPATH_SEARCH_PATHS = "$(inherited) @executable_path/Frameworks @loader_path/Frameworks";
				PRODUCT_BUNDLE_IDENTIFIER = ZP.ZPProjectTests;
				PRODUCT_NAME = "$(TARGET_NAME)";
				TEST_HOST = "$(BUILT_PRODUCTS_DIR)/ZPProject.app/ZPProject";
			};
			name = Debug;
		};
		1C2EA34F1C9521A200AFD60F /* Release */ = {
			isa = XCBuildConfiguration;
			buildSettings = {
				BUNDLE_LOADER = "$(TEST_HOST)";
				INFOPLIST_FILE = ZPProjectTests/Info.plist;
				LD_RUNPATH_SEARCH_PATHS = "$(inherited) @executable_path/Frameworks @loader_path/Frameworks";
				PRODUCT_BUNDLE_IDENTIFIER = ZP.ZPProjectTests;
				PRODUCT_NAME = "$(TARGET_NAME)";
				TEST_HOST = "$(BUILT_PRODUCTS_DIR)/ZPProject.app/ZPProject";
			};
			name = Release;
		};
		1C2EA3511C9521A200AFD60F /* Debug */ = {
			isa = XCBuildConfiguration;
			buildSettings = {
				INFOPLIST_FILE = ZPProjectUITests/Info.plist;
				LD_RUNPATH_SEARCH_PATHS = "$(inherited) @executable_path/Frameworks @loader_path/Frameworks";
				PRODUCT_BUNDLE_IDENTIFIER = ZP.ZPProjectUITests;
				PRODUCT_NAME = "$(TARGET_NAME)";
				TEST_TARGET_NAME = ZPProject;
				USES_XCTRUNNER = YES;
			};
			name = Debug;
		};
		1C2EA3521C9521A200AFD60F /* Release */ = {
			isa = XCBuildConfiguration;
			buildSettings = {
				INFOPLIST_FILE = ZPProjectUITests/Info.plist;
				LD_RUNPATH_SEARCH_PATHS = "$(inherited) @executable_path/Frameworks @loader_path/Frameworks";
				PRODUCT_BUNDLE_IDENTIFIER = ZP.ZPProjectUITests;
				PRODUCT_NAME = "$(TARGET_NAME)";
				TEST_TARGET_NAME = ZPProject;
				USES_XCTRUNNER = YES;
			};
			name = Release;
		};
/* End XCBuildConfiguration section */

/* Begin XCConfigurationList section */
		1C2EA3181C9521A200AFD60F /* Build configuration list for PBXProject "ZPProject" */ = {
			isa = XCConfigurationList;
			buildConfigurations = (
				1C2EA3481C9521A200AFD60F /* Debug */,
				1C2EA3491C9521A200AFD60F /* Release */,
			);
			defaultConfigurationIsVisible = 0;
			defaultConfigurationName = Release;
		};
		1C2EA34A1C9521A200AFD60F /* Build configuration list for PBXNativeTarget "ZPProject" */ = {
			isa = XCConfigurationList;
			buildConfigurations = (
				1C2EA34B1C9521A200AFD60F /* Debug */,
				1C2EA34C1C9521A200AFD60F /* Release */,
			);
			defaultConfigurationIsVisible = 0;
			defaultConfigurationName = Release;
		};
		1C2EA34D1C9521A200AFD60F /* Build configuration list for PBXNativeTarget "ZPProjectTests" */ = {
			isa = XCConfigurationList;
			buildConfigurations = (
				1C2EA34E1C9521A200AFD60F /* Debug */,
				1C2EA34F1C9521A200AFD60F /* Release */,
			);
			defaultConfigurationIsVisible = 0;
			defaultConfigurationName = Release;
		};
		1C2EA3501C9521A200AFD60F /* Build configuration list for PBXNativeTarget "ZPProjectUITests" */ = {
			isa = XCConfigurationList;
			buildConfigurations = (
				1C2EA3511C9521A200AFD60F /* Debug */,
				1C2EA3521C9521A200AFD60F /* Release */,
			);
			defaultConfigurationIsVisible = 0;
			defaultConfigurationName = Release;
		};
/* End XCConfigurationList section */
	};
	rootObject = 1C2EA3151C9521A200AFD60F /* Project object */;
}
